# This file was autogenerated by Stack.
# You should not edit this file by hand.
# For more information, please see the documentation at:
#   https://docs.haskellstack.org/en/stable/lock_files

packages:
- completed:
    hackage: diagrams-1.4.0.1@sha256:5d003c391fff00c945f8014c24bac0ea7b8daa9500349bef4646fa620a0c5327,5480
    pantry-tree:
      size: 208
      sha256: a28c20bbb11eddd3546fa98f2599507046fc490a4df71da6e928ad3653f2ed50
  original:
    hackage: diagrams-1.4.0.1@sha256:5d003c391fff00c945f8014c24bac0ea7b8daa9500349bef4646fa620a0c5327,5480
- completed:
    hackage: diagrams-core-1.5.0@sha256:8ffd24eb97ce309b41c52e5fa3a8acee5e4063565919eb4d41abb5c219b3d49b,2971
    pantry-tree:
      size: 2018
      sha256: 670806e0af1e31792557a3bc2c4ffe4c39929fea718c3071eb4702c4512c9795
  original:
    hackage: diagrams-core-1.5.0@sha256:8ffd24eb97ce309b41c52e5fa3a8acee5e4063565919eb4d41abb5c219b3d49b,2971
- completed:
    hackage: diagrams-lib-1.4.5.1@sha256:20f551cdf4d217edc31c10d40530be5d73a8a7d3bc086102c8c841778670f18b,8233
    pantry-tree:
      size: 11604
      sha256: 0f28dcbf9548f9e7e6a0f76a9fe84a8dff4441f2f122fd2a3573d56962d4afa6
  original:
    hackage: diagrams-lib-1.4.5.1@sha256:20f551cdf4d217edc31c10d40530be5d73a8a7d3bc086102c8c841778670f18b,8233
- completed:
    hackage: diagrams-rasterific-1.4.2.2@sha256:23d440832e8e9493361d749f56f94bc96638e83fea5c0cd4d8400ab690ad32b2,3224
    pantry-tree:
      size: 1387
      sha256: 66572c680d048ded6d65865786e3da8faa410ec1b920974ff363b890050d17d1
  original:
    hackage: diagrams-rasterific-1.4.2.2@sha256:23d440832e8e9493361d749f56f94bc96638e83fea5c0cd4d8400ab690ad32b2,3224
- completed:
    hackage: active-0.2.0.15@sha256:56d95c2205a8e52911bf08784b9958be430036e6ea16521b957c3e27cc71235c,1792
    pantry-tree:
      size: 1017
      sha256: 5f2c007588a7e5b2c3500a077cbae93a78c0869f1d2985b0ddcb318285e65def
  original:
    hackage: active-0.2.0.15@sha256:56d95c2205a8e52911bf08784b9958be430036e6ea16521b957c3e27cc71235c,1792
- completed:
    hackage: diagrams-contrib-1.4.4@sha256:e5d338f777dbe94466ffb314157ce209286adf9ab461646652b5be985e76da61,4742
    pantry-tree:
      size: 11387
      sha256: bf6554369c75dbcb256376b6f36e362fbbb265bee12c11b0355cb88a8a329621
  original:
    hackage: diagrams-contrib-1.4.4@sha256:e5d338f777dbe94466ffb314157ce209286adf9ab461646652b5be985e76da61,4742
- completed:
    hackage: diagrams-svg-1.4.3.1@sha256:9e8edfe5b19c59905830433f77bdd328cb5264f7ecbf823baa213184a415d00f,3117
    pantry-tree:
      size: 475
      sha256: 4bc5c28dc7d92e2b5ae079ac53cb75c04028617f10768f897da7ca1ddc1fd8d6
  original:
    hackage: diagrams-svg-1.4.3.1@sha256:9e8edfe5b19c59905830433f77bdd328cb5264f7ecbf823baa213184a415d00f,3117
- completed:
    hackage: dual-tree-0.2.3.0@sha256:be4b8ecb2ecef798f88ee569d043f3f19c32f6dd083329cd7cfcb482f0bc6233,2882
    pantry-tree:
      size: 387
      sha256: db681941c4b21ef09d6aef232a8424edd2ca08ad8d4480480d9fbbbad78b0e50
  original:
    hackage: dual-tree-0.2.3.0@sha256:be4b8ecb2ecef798f88ee569d043f3f19c32f6dd083329cd7cfcb482f0bc6233,2882
- completed:
    hackage: monoid-extras-0.6.1@sha256:294eaeb51e0d047500119131f133bc4a7988f330baa4bb20256995aae3385b33,2220
    pantry-tree:
      size: 1187
      sha256: 54a0e2666e9358b2a5fd2a1e61fc894acd6f62643ca36ea06427cdf405934d09
  original:
    hackage: monoid-extras-0.6.1@sha256:294eaeb51e0d047500119131f133bc4a7988f330baa4bb20256995aae3385b33,2220
- completed:
    hackage: force-layout-0.4.0.6@sha256:246a26ca944ec7d4f1b7f971d008427c1b83b20b2e2174b551d5cfb7d90ad745,1298
    pantry-tree:
      size: 276
      sha256: a5ed73ea0e79d4302b4a85e943f50cda594196e8cb592a4c7bdebec899ab7b0a
  original:
    hackage: force-layout-0.4.0.6@sha256:246a26ca944ec7d4f1b7f971d008427c1b83b20b2e2174b551d5cfb7d90ad745,1298
- completed:
    hackage: svg-builder-0.1.1@sha256:825ebc18c4e457efa1bc6ca5f90f5abc80566992e8ffdab6ccb782407a46db32,1569
    pantry-tree:
      size: 535
      sha256: 4082f112e4f3d6363df6d12906b24bdcc9ebd7ac2c683841fac1254324373f8f
  original:
    hackage: svg-builder-0.1.1@sha256:825ebc18c4e457efa1bc6ca5f90f5abc80566992e8ffdab6ccb782407a46db32,1569
snapshots:
- completed:
    size: 586286
    url: https://raw.githubusercontent.com/commercialhaskell/stackage-snapshots/master/lts/18/16.yaml
    sha256: cdead65fca0323144b346c94286186f4969bf85594d649c49c7557295675d8a5
  original: lts-18.16
